
Microsoft Visual Studio Solution File, Format Version 12.00
# Visual Studio 14
VisualStudioVersion = 14.0.24720.0
MinimumVisualStudioVersion = 10.0.40219.1
Project("{FAE04EC0-301F-11D3-BF4B-00C04F79EFBC}") = "Raumschiffe", "Raumschiffe\Raumschiffe.csproj", "{CE3F52DF-A83A-45E1-955C-3BEDF6CB5170}"
EndProject
Project("{FAE04EC0-301F-11D3-BF4B-00C04F79EFBC}") = "Klavier", "Klavier\Klavier.csproj", "{DB816B77-6808-42AD-82ED-0664670635BE}"
EndProject
Global
	GlobalSection(SolutionConfigurationPlatforms) = preSolution
		Debug|Any CPU = Debug|Any CPU
		Release|Any CPU = Release|Any CPU
	EndGlobalSection
	GlobalSection(ProjectConfigurationPlatforms) = postSolution
		{CE3F52DF-A83A-45E1-955C-3BEDF6CB5170}.Debug|Any CPU.ActiveCfg = Debug|Any CPU
		{CE3F52DF-A83A-45E1-955C-3BEDF6CB5170}.Debug|Any CPU.Build.0 = Debug|Any CPU
		{CE3F52DF-A83A-45E1-955C-3BEDF6CB5170}.Release|Any CPU.ActiveCfg = Release|Any CPU
		{CE3F52DF-A83A-45E1-955C-3BEDF6CB5170}.Release|Any CPU.Build.0 = Release|Any CPU
		{DB816B77-6808-42AD-82ED-0664670635BE}.Debug|Any CPU.ActiveCfg = Debug|Any CPU
		{DB816B77-6808-42AD-82ED-0664670635BE}.Debug|Any CPU.Build.0 = Debug|Any CPU
		{DB816B77-6808-42AD-82ED-0664670635BE}.Release|Any CPU.ActiveCfg = Release|Any CPU
		{DB816B77-6808-42AD-82ED-0664670635BE}.Release|Any CPU.Build.0 = Release|Any CPU
	EndGlobalSection
	GlobalSection(SolutionProperties) = preSolution
		HideSolutionNode = FALSE
	EndGlobalSection
EndGlobal
